
Microsoft Visual Studio Solution File, Format Version 12.00
# Visual Studio Version 16
VisualStudioVersion = 16.0.29001.49
MinimumVisualStudioVersion = 10.0.40219.1
Project("{9A19103F-16F7-4668-BE54-9A1E7A4F7556}") = "Projekty", "Projekty\Projekty.csproj", "{09406A29-AA0C-45DC-B1F0-392E445579DC}"
EndProject
Project("{FAE04EC0-301F-11D3-BF4B-00C04F79EFBC}") = "GUI", "GUI\GUI.csproj", "{7B031E72-80D2-49A9-8395-F4367CD9C346}"
EndProject
Global
	GlobalSection(SolutionConfigurationPlatforms) = preSolution
		Debug|Any CPU = Debug|Any CPU
		Release|Any CPU = Release|Any CPU
	EndGlobalSection
	GlobalSection(ProjectConfigurationPlatforms) = postSolution
		{09406A29-AA0C-45DC-B1F0-392E445579DC}.Debug|Any CPU.ActiveCfg = Debug|Any CPU
		{09406A29-AA0C-45DC-B1F0-392E445579DC}.Debug|Any CPU.Build.0 = Debug|Any CPU
		{09406A29-AA0C-45DC-B1F0-392E445579DC}.Release|Any CPU.ActiveCfg = Release|Any CPU
		{09406A29-AA0C-45DC-B1F0-392E445579DC}.Release|Any CPU.Build.0 = Release|Any CPU
		{7B031E72-80D2-49A9-8395-F4367CD9C346}.Debug|Any CPU.ActiveCfg = Debug|Any CPU
		{7B031E72-80D2-49A9-8395-F4367CD9C346}.Debug|Any CPU.Build.0 = Debug|Any CPU
		{7B031E72-80D2-49A9-8395-F4367CD9C346}.Release|Any CPU.ActiveCfg = Release|Any CPU
		{7B031E72-80D2-49A9-8395-F4367CD9C346}.Release|Any CPU.Build.0 = Release|Any CPU
	EndGlobalSection
	GlobalSection(SolutionProperties) = preSolution
		HideSolutionNode = FALSE
	EndGlobalSection
	GlobalSection(ExtensibilityGlobals) = postSolution
		SolutionGuid = {EE354733-1401-4590-BA8D-4B6C68266383}
	EndGlobalSection
EndGlobal
